{
  "name": "tinkery-local-voice",
  "lockfileVersion": 3,
  "requires": true,
  "packages": {
    "": {
      "name": "tinkery-local-voice",
      "dependencies": {
        "@picovoice/pvrecorder-node": "1.2.9",
        "transcribe-cpp": "0.2.2"
      }
    },
    "node_modules/@koromix/koffi-android-arm64": {
      "version": "3.3.3",
      "resolved": "https://registry.npmjs.org/@koromix/koffi-android-arm64/-/koffi-android-arm64-3.3.3.tgz",
      "integrity": "sha512-c8iDq/mPXkgQmrmZ6SpqWIVF3ZnJEpjVQswzKzbrCSdr68pmSY/cNj1t4qvv32T8nNjW71/hB+E8Rq1+vVpmQg==",
      "cpu": [
        "arm64"
      ],
      "license": "MIT",
      "optional": true,
      "os": [
        "android"
      ],
      "funding": {
        "url": "https://liberapay.com/Koromix"
      }
    },
    "node_modules/@koromix/koffi-android-x64": {
      "version": "3.3.3",
      "resolved": "https://registry.npmjs.org/@koromix/koffi-android-x64/-/koffi-android-x64-3.3.3.tgz",
      "integrity": "sha512-yAFu4oX6rpBCqr4HiGo3FpywmRN11LOSde4+GJZvfkFymqV3wZtx6TgVe8rZ4ogJZz9B8o1tDeKsZ6pqeoH40g==",
      "cpu": [
        "x64"
      ],
      "license": "MIT",
      "optional": true,
      "os": [
        "android"
      ],
      "funding": {
        "url": "https://liberapay.com/Koromix"
      }
    },
    "node_modules/@koromix/koffi-darwin-arm64": {
      "version": "3.3.3",
      "resolved": "https://registry.npmjs.org/@koromix/koffi-darwin-arm64/-/koffi-darwin-arm64-3.3.3.tgz",
      "integrity": "sha512-aFYI3YMdQWOAmHlVA+GfBlJZTpvfbUv/NoeBBkqblWN7BxuY02bkWMyoksUEl+mnx7ScoMonnjzXKJkNQXmR3w==",
      "cpu": [
        "arm64"
      ],
      "license": "MIT",
      "optional": true,
      "os": [
        "darwin"
      ],
      "funding": {
        "url": "https://liberapay.com/Koromix"
      }
    },
    "node_modules/@koromix/koffi-darwin-x64": {
      "version": "3.3.3",
      "resolved": "https://registry.npmjs.org/@koromix/koffi-darwin-x64/-/koffi-darwin-x64-3.3.3.tgz",
      "integrity": "sha512-6Q8/DDhVADPMm3lFnZFJRETJtf485jZKzn1KogXeA9Gfztv/XMFiCOK4aEouFc256h9uWzC69mGimtcVcwK+Ww==",
      "cpu": [
        "x64"
      ],
      "license": "MIT",
      "optional": true,
      "os": [
        "darwin"
      ],
      "funding": {
        "url": "https://liberapay.com/Koromix"
      }
    },
    "node_modules/@koromix/koffi-freebsd-arm64": {
      "version": "3.3.3",
      "resolved": "https://registry.npmjs.org/@koromix/koffi-freebsd-arm64/-/koffi-freebsd-arm64-3.3.3.tgz",
      "integrity": "sha512-IynEDMMU9pp7EVVqQwXVU9x0JH7Opj8KB0wbcKgYNEhRM9eGzJ4ai7iwG8y8tdD/Y8niSVrVTj5WLNCCvUWXIw==",
      "cpu": [
        "arm64"
      ],
      "license": "MIT",
      "optional": true,
      "os": [
        "freebsd"
      ],
      "funding": {
        "url": "https://liberapay.com/Koromix"
      }
    },
    "node_modules/@koromix/koffi-freebsd-ia32": {
      "version": "3.3.3",
      "resolved": "https://registry.npmjs.org/@koromix/koffi-freebsd-ia32/-/koffi-freebsd-ia32-3.3.3.tgz",
      "integrity": "sha512-5b4W9jX+wmfWn9vG7DvKIrNhhRpPDAx7YQV5i9epUR0Ogxz4s4a3APz/beLCvgHt4WhaSRrazxGYQz1oFOlfow==",
      "cpu": [
        "ia32"
      ],
      "license": "MIT",
      "optional": true,
      "os": [
        "freebsd"
      ],
      "funding": {
        "url": "https://liberapay.com/Koromix"
      }
    },
    "node_modules/@koromix/koffi-freebsd-x64": {
      "version": "3.3.3",
      "resolved": "https://registry.npmjs.org/@koromix/koffi-freebsd-x64/-/koffi-freebsd-x64-3.3.3.tgz",
      "integrity": "sha512-+NmMrp3ji1NN4PTaLaXDCKMaJ5Fl+0+nrClmtsu/7wi+fjCrCSGMrJZUmTIJPm1nd8Z5fMRjWesiVvQiy/ETDg==",
      "cpu": [
        "x64"
      ],
      "license": "MIT",
      "optional": true,
      "os": [
        "freebsd"
      ],
      "funding": {
        "url": "https://liberapay.com/Koromix"
      }
    },
    "node_modules/@koromix/koffi-linux-arm": {
      "version": "3.3.3",
      "resolved": "https://registry.npmjs.org/@koromix/koffi-linux-arm/-/koffi-linux-arm-3.3.3.tgz",
      "integrity": "sha512-K+NFO4/SiF4ANCS1ykem36wbEjfBJKsaakLKZ+6LbaLqyLjHHGky4fEIgipac/+XJtD4ZXjhexPIVjwzkO+rMQ==",
      "cpu": [
        "arm"
      ],
      "license": "MIT",
      "optional": true,
      "os": [
        "linux"
      ],
      "funding": {
        "url": "https://liberapay.com/Koromix"
      }
    },
    "node_modules/@koromix/koffi-linux-arm64": {
      "version": "3.3.3",
      "resolved": "https://registry.npmjs.org/@koromix/koffi-linux-arm64/-/koffi-linux-arm64-3.3.3.tgz",
      "integrity": "sha512-y7UHjwOKbj2IjIpWtHmI8LEKXchidt47k605DCv5+YQMIDTbzhz/i3zTI1kRp6EYBLTBwRkR1X1PGt3uUi+rKQ==",
      "cpu": [
        "arm64"
      ],
      "license": "MIT",
      "optional": true,
      "os": [
        "linux"
      ],
      "funding": {
        "url": "https://liberapay.com/Koromix"
      }
    },
    "node_modules/@koromix/koffi-linux-ia32": {
      "version": "3.3.3",
      "resolved": "https://registry.npmjs.org/@koromix/koffi-linux-ia32/-/koffi-linux-ia32-3.3.3.tgz",
      "integrity": "sha512-dbcpe7IrWr18AAbIKa/RvJ8pM1lEpSELWYW6wsEBIYw/RTLfXqWJ6d9Ya0NWJgHTW+N7783KVQaV5c1Sr3ONDQ==",
      "cpu": [
        "ia32"
      ],
      "license": "MIT",
      "optional": true,
      "os": [
        "linux"
      ],
      "funding": {
        "url": "https://liberapay.com/Koromix"
      }
    },
    "node_modules/@koromix/koffi-linux-loong64": {
      "version": "3.3.3",
      "resolved": "https://registry.npmjs.org/@koromix/koffi-linux-loong64/-/koffi-linux-loong64-3.3.3.tgz",
      "integrity": "sha512-kbJFmWSoDHGZgxgDhInuvDi8MzrHafBfQ7iWN5P+nHv297beQXrHecFfCNBApnG9d2wrhEoY+EH/TdITuvaSwQ==",
      "cpu": [
        "loong64"
      ],
      "license": "MIT",
      "optional": true,
      "os": [
        "linux"
      ],
      "funding": {
        "url": "https://liberapay.com/Koromix"
      }
    },
    "node_modules/@koromix/koffi-linux-ppc64": {
      "version": "3.3.3",
      "resolved": "https://registry.npmjs.org/@koromix/koffi-linux-ppc64/-/koffi-linux-ppc64-3.3.3.tgz",
      "integrity": "sha512-YwGxjudYHsiDZ6qH4WmEawHXmTaZzjiZ4xdjcbzsVHqNvgZ3Nz7WG03PybecJ+BVH2vqBOntGZ2VsG/sL0WY1g==",
      "cpu": [
        "ppc64"
      ],
      "license": "MIT",
      "optional": true,
      "os": [
        "linux"
      ],
      "funding": {
        "url": "https://liberapay.com/Koromix"
      }
    },
    "node_modules/@koromix/koffi-linux-riscv64": {
      "version": "3.3.3",
      "resolved": "https://registry.npmjs.org/@koromix/koffi-linux-riscv64/-/koffi-linux-riscv64-3.3.3.tgz",
      "integrity": "sha512-k/txpUsOO/L4TexahQHxqdFRmBEGE+g++np9M5eNcsHWNXmazeWBrrfB9sjl6cZAP69KZFO0toP+ZMfDUDHmnQ==",
      "cpu": [
        "riscv64"
      ],
      "license": "MIT",
      "optional": true,
      "os": [
        "linux"
      ],
      "funding": {
        "url": "https://liberapay.com/Koromix"
      }
    },
    "node_modules/@koromix/koffi-linux-x64": {
      "version": "3.3.3",
      "resolved": "https://registry.npmjs.org/@koromix/koffi-linux-x64/-/koffi-linux-x64-3.3.3.tgz",
      "integrity": "sha512-AI4kcNNWeGmzQzsNb0S+ZL/ht4HMtDcQl5nYFkkuVUO2g1/2KdvNekkwNWhpp805mDbLSDoRZtlioHyH/v8poQ==",
      "cpu": [
        "x64"
      ],
      "license": "MIT",
      "optional": true,
      "os": [
        "linux"
      ],
      "funding": {
        "url": "https://liberapay.com/Koromix"
      }
    },
    "node_modules/@koromix/koffi-openbsd-arm64": {
      "version": "3.3.3",
      "resolved": "https://registry.npmjs.org/@koromix/koffi-openbsd-arm64/-/koffi-openbsd-arm64-3.3.3.tgz",
      "integrity": "sha512-NEbQMrixbAWSmWCh4XyHWuhgEqgO4tegWyHoJej7Q3PmyIlgxKHTcRZsjAJ9C3sfgBDNIqPWTjMy3KO2mqEp1g==",
      "cpu": [
        "arm64"
      ],
      "license": "MIT",
      "optional": true,
      "os": [
        "openbsd"
      ],
      "funding": {
        "url": "https://liberapay.com/Koromix"
      }
    },
    "node_modules/@koromix/koffi-openbsd-ia32": {
      "version": "3.3.3",
      "resolved": "https://registry.npmjs.org/@koromix/koffi-openbsd-ia32/-/koffi-openbsd-ia32-3.3.3.tgz",
      "integrity": "sha512-zGFX0KwZGmrV7AZY0+oozBpMuQZT7yQEY3NCDSb0rEqKyOrYLBNiXiXA5T8NSY3ipaW0b71L5Cu0KLKabdLY0A==",
      "cpu": [
        "ia32"
      ],
      "license": "MIT",
      "optional": true,
      "os": [
        "openbsd"
      ],
      "funding": {
        "url": "https://liberapay.com/Koromix"
      }
    },
    "node_modules/@koromix/koffi-openbsd-x64": {
      "version": "3.3.3",
      "resolved": "https://registry.npmjs.org/@koromix/koffi-openbsd-x64/-/koffi-openbsd-x64-3.3.3.tgz",
      "integrity": "sha512-c1HMWkZPAZKQesKj2HqA6Zk1YEcv7Doc6JU9YJepXG8KpK4XZmI0L5vESSfySmidmasm05QDyLAcwDnNSvtfRA==",
      "cpu": [
        "x64"
      ],
      "license": "MIT",
      "optional": true,
      "os": [
        "openbsd"
      ],
      "funding": {
        "url": "https://liberapay.com/Koromix"
      }
    },
    "node_modules/@koromix/koffi-win32-arm64": {
      "version": "3.3.3",
      "resolved": "https://registry.npmjs.org/@koromix/koffi-win32-arm64/-/koffi-win32-arm64-3.3.3.tgz",
      "integrity": "sha512-eL7gW4D22OBb3fi04s5ElzzNk+gkGEahaTNMB29UDLDeORe+0qIkhccBPovXW3/IRpdt8W7o8X2myUDXlTSYDQ==",
      "cpu": [
        "arm64"
      ],
      "license": "MIT",
      "optional": true,
      "os": [
        "win32"
      ],
      "funding": {
        "url": "https://liberapay.com/Koromix"
      }
    },
    "node_modules/@koromix/koffi-win32-ia32": {
      "version": "3.3.3",
      "resolved": "https://registry.npmjs.org/@koromix/koffi-win32-ia32/-/koffi-win32-ia32-3.3.3.tgz",
      "integrity": "sha512-3sw9vvQqro4yKsOWfKebzfTcdPKRwMrodGXWbfwkTsL61EQKdwsMNKA/0dDe0/ubAAZ0yPgstX8/gs94Svzfgw==",
      "cpu": [
        "ia32"
      ],
      "license": "MIT",
      "optional": true,
      "os": [
        "win32"
      ],
      "funding": {
        "url": "https://liberapay.com/Koromix"
      }
    },
    "node_modules/@koromix/koffi-win32-x64": {
      "version": "3.3.3",
      "resolved": "https://registry.npmjs.org/@koromix/koffi-win32-x64/-/koffi-win32-x64-3.3.3.tgz",
      "integrity": "sha512-tLTF17wl4CCwOlo1Tt0NbduwUduDvM6c8JSyearcLu6hpNHQo44RF3rKN2i7UkxwCqXyiudZK0lS421CC/TPZA==",
      "cpu": [
        "x64"
      ],
      "license": "MIT",
      "optional": true,
      "os": [
        "win32"
      ],
      "funding": {
        "url": "https://liberapay.com/Koromix"
      }
    },
    "node_modules/@picovoice/pvrecorder-node": {
      "version": "1.2.9",
      "resolved": "https://registry.npmjs.org/@picovoice/pvrecorder-node/-/pvrecorder-node-1.2.9.tgz",
      "integrity": "sha512-e398ue4G8YihrnnyTpnVePvOiBEM5+R4D+ChoyyeC8J8KFBMuhGrZwrdmpIPqDqCjCA+YqO2mFaicHstVhEpcg==",
      "license": "Apache-2.0",
      "engines": {
        "node": ">=18.0.0"
      }
    },
    "node_modules/@transcribe-cpp/darwin-arm64-metal": {
      "version": "0.2.2",
      "resolved": "https://registry.npmjs.org/@transcribe-cpp/darwin-arm64-metal/-/darwin-arm64-metal-0.2.2.tgz",
      "integrity": "sha512-Ctv6bm0MiH/C0LLTn3B6GCXh0rdPH6V3Oh3B9UzHK9UL2BQRfd7h+uFDls4QUvbQfdiH+rougcRazW562QvinQ==",
      "cpu": [
        "arm64"
      ],
      "license": "MIT",
      "optional": true,
      "os": [
        "darwin"
      ]
    },
    "node_modules/@transcribe-cpp/darwin-x64-cpu": {
      "version": "0.2.2",
      "resolved": "https://registry.npmjs.org/@transcribe-cpp/darwin-x64-cpu/-/darwin-x64-cpu-0.2.2.tgz",
      "integrity": "sha512-6VghtWVGT2gPd9zzA3JFtdDtoqtcKlOiyYVU9rMpyf7N1Hj4X6e8x/z2+zbE62R38Cx1g+e+CjFTTzog5GCAQA==",
      "cpu": [
        "x64"
      ],
      "license": "MIT",
      "optional": true,
      "os": [
        "darwin"
      ]
    },
    "node_modules/@transcribe-cpp/linux-arm64-cpu-vulkan": {
      "version": "0.2.2",
      "resolved": "https://registry.npmjs.org/@transcribe-cpp/linux-arm64-cpu-vulkan/-/linux-arm64-cpu-vulkan-0.2.2.tgz",
      "integrity": "sha512-qqRqPbkLXTGvGfgoxrnnlMtpDKH9SYTd9piKLl5muCY4ZnyubbA0VvWiArIuQFp8ITZNUXSaEmnBp5BczI3Tiw==",
      "cpu": [
        "arm64"
      ],
      "libc": [
        "glibc"
      ],
      "license": "MIT",
      "optional": true,
      "os": [
        "linux"
      ]
    },
    "node_modules/@transcribe-cpp/linux-x64-cpu-vulkan": {
      "version": "0.2.2",
      "resolved": "https://registry.npmjs.org/@transcribe-cpp/linux-x64-cpu-vulkan/-/linux-x64-cpu-vulkan-0.2.2.tgz",
      "integrity": "sha512-k8t794Xh/DbUNiVutxTmclW9MNCR0FxpPhH57bHji0vevs+wAyo4h2HqDtswtPezflNspOmFvtzam+2mGieAUg==",
      "cpu": [
        "x64"
      ],
      "libc": [
        "glibc"
      ],
      "license": "MIT",
      "optional": true,
      "os": [
        "linux"
      ]
    },
    "node_modules/@transcribe-cpp/win32-x64-cpu-vulkan": {
      "version": "0.2.2",
      "resolved": "https://registry.npmjs.org/@transcribe-cpp/win32-x64-cpu-vulkan/-/win32-x64-cpu-vulkan-0.2.2.tgz",
      "integrity": "sha512-EhSjJtfbqYaIjQiCXLh8wrwjL1k9HJxjCwA28p/nORm+txso7MpjFnFM55dCb+T2mdN1HSWCtWDR8+I/HJe2vQ==",
      "cpu": [
        "x64"
      ],
      "license": "MIT",
      "optional": true,
      "os": [
        "win32"
      ]
    },
    "node_modules/koffi": {
      "version": "3.3.3",
      "resolved": "https://registry.npmjs.org/koffi/-/koffi-3.3.3.tgz",
      "integrity": "sha512-XWNI4eyxJJzR2MakPZzR3QeZ06JOklLbxglin0dHhx/qIQCby8lqHs9Acq4Q7CpCKnOrBSj+6b9J5y69wfr2ZA==",
      "hasInstallScript": true,
      "license": "MIT",
      "funding": {
        "url": "https://liberapay.com/Koromix"
      },
      "optionalDependencies": {
        "@koromix/koffi-android-arm64": "3.3.3",
        "@koromix/koffi-android-x64": "3.3.3",
        "@koromix/koffi-darwin-arm64": "3.3.3",
        "@koromix/koffi-darwin-x64": "3.3.3",
        "@koromix/koffi-freebsd-arm64": "3.3.3",
        "@koromix/koffi-freebsd-ia32": "3.3.3",
        "@koromix/koffi-freebsd-x64": "3.3.3",
        "@koromix/koffi-linux-arm": "3.3.3",
        "@koromix/koffi-linux-arm64": "3.3.3",
        "@koromix/koffi-linux-ia32": "3.3.3",
        "@koromix/koffi-linux-loong64": "3.3.3",
        "@koromix/koffi-linux-ppc64": "3.3.3",
        "@koromix/koffi-linux-riscv64": "3.3.3",
        "@koromix/koffi-linux-x64": "3.3.3",
        "@koromix/koffi-openbsd-arm64": "3.3.3",
        "@koromix/koffi-openbsd-ia32": "3.3.3",
        "@koromix/koffi-openbsd-x64": "3.3.3",
        "@koromix/koffi-win32-arm64": "3.3.3",
        "@koromix/koffi-win32-ia32": "3.3.3",
        "@koromix/koffi-win32-x64": "3.3.3"
      }
    },
    "node_modules/transcribe-cpp": {
      "version": "0.2.2",
      "resolved": "https://registry.npmjs.org/transcribe-cpp/-/transcribe-cpp-0.2.2.tgz",
      "integrity": "sha512-uzun32AIpT0NGe9WHkqCeg8aSLm1qYZ83alWuRfgpgd7RfIKGn0KBTmE/FHDFoX2mV8JMDBh8X5qCw2dt2kZ/w==",
      "license": "MIT",
      "dependencies": {
        "koffi": "^3.0.2"
      },
      "engines": {
        "node": ">=22"
      },
      "optionalDependencies": {
        "@transcribe-cpp/darwin-arm64-metal": "0.2.2",
        "@transcribe-cpp/darwin-x64-cpu": "0.2.2",
        "@transcribe-cpp/linux-arm64-cpu-vulkan": "0.2.2",
        "@transcribe-cpp/linux-x64-cpu-vulkan": "0.2.2",
        "@transcribe-cpp/win32-x64-cpu-vulkan": "0.2.2"
      }
    }
  }
}
